{
  "version": "v1",
  "packages": {
    "ft-confirmation-dialog": {
      "signature": "67e8a0df66a69ab6b858b258ced2a11c",
      "file": true
    },
    "ft-connection-details": {
      "signature": "356099926a1d9c017061038e62c4b8b2",
      "file": true
    },
    "ft-connection-list": {
      "signature": "60f4e2e917e016ab0e6fd8750c05bb72",
      "file": true
    },
    "ft-connection-list-item": {
      "signature": "7809b66fcb90656a5dd15585b6dfeb07",
      "file": true
    },
    "ft-element-demo": {
      "signature": "b246107b96990bfddd35a67af1d387b5",
      "file": true
    },
    "ft-error-behavior": {
      "signature": "1b335d84711be52d0d40e327e3c1e76a",
      "file": true
    },
    "ft-http-behavior": {
      "signature": "43ccf0b053cd81cc1edefea84505c2ef",
      "file": true
    },
    "ft-labeled-icon-button": {
      "signature": "3bdce6f831e164c93c1d90acdd7db85f",
      "file": true
    },
    "ft-scrolling-behavior": {
      "signature": "5d9503fef8bc07bc2ddab3f8ff61068e",
      "file": true
    }
  }
}